
Microsoft Visual Studio Solution File, Format Version 12.00
# Visual Studio Version 16
VisualStudioVersion = 16.0.31019.35
MinimumVisualStudioVersion = 10.0.40219.1
Project("{9A19103F-16F7-4668-BE54-9A1E7A4F7556}") = "OnlineSchoolSystem.DataAccess.FileStorage", "OnlineSchoolSystem.DataAccess.File\OnlineSchoolSystem.DataAccess.FileStorage.csproj", "{3987A169-C5ED-4787-95A3-BC13790D82AA}"
EndProject
Project("{9A19103F-16F7-4668-BE54-9A1E7A4F7556}") = "OnlineSchoolSystem.Models", "OnlineSchoolSystem.Models\OnlineSchoolSystem.Models.csproj", "{5AF7AE02-5A13-4C83-AEB7-D9F84DC843A7}"
EndProject
Project("{9A19103F-16F7-4668-BE54-9A1E7A4F7556}") = "OnlineSchoolSystem.Client", "OnlineSchoolSystem.Client\OnlineSchoolSystem.Client.csproj", "{BB8E4C56-C80C-45C0-B826-CF8C68E2AA67}"
EndProject
Project("{9A19103F-16F7-4668-BE54-9A1E7A4F7556}") = "OnlineSchoolSystem.Utilites", "OnlineSchoolSystem.Utilites\OnlineSchoolSystem.Utilites.csproj", "{6EFA6B20-B90B-4D82-AD6F-A94C5468998D}"
EndProject
Project("{9A19103F-16F7-4668-BE54-9A1E7A4F7556}") = "OnlineSchoolSystem.YoutubeBot", "OnlineSchoolSystem.YoutubeBot\OnlineSchoolSystem.YoutubeBot.csproj", "{B0069111-D045-4F57-B9F9-86D43432C0C3}"
EndProject
Global
	GlobalSection(SolutionConfigurationPlatforms) = preSolution
		Debug|Any CPU = Debug|Any CPU
		Release|Any CPU = Release|Any CPU
	EndGlobalSection
	GlobalSection(ProjectConfigurationPlatforms) = postSolution
		{3987A169-C5ED-4787-95A3-BC13790D82AA}.Debug|Any CPU.ActiveCfg = Debug|Any CPU
		{3987A169-C5ED-4787-95A3-BC13790D82AA}.Debug|Any CPU.Build.0 = Debug|Any CPU
		{3987A169-C5ED-4787-95A3-BC13790D82AA}.Release|Any CPU.ActiveCfg = Release|Any CPU
		{3987A169-C5ED-4787-95A3-BC13790D82AA}.Release|Any CPU.Build.0 = Release|Any CPU
		{5AF7AE02-5A13-4C83-AEB7-D9F84DC843A7}.Debug|Any CPU.ActiveCfg = Debug|Any CPU
		{5AF7AE02-5A13-4C83-AEB7-D9F84DC843A7}.Debug|Any CPU.Build.0 = Debug|Any CPU
		{5AF7AE02-5A13-4C83-AEB7-D9F84DC843A7}.Release|Any CPU.ActiveCfg = Release|Any CPU
		{5AF7AE02-5A13-4C83-AEB7-D9F84DC843A7}.Release|Any CPU.Build.0 = Release|Any CPU
		{BB8E4C56-C80C-45C0-B826-CF8C68E2AA67}.Debug|Any CPU.ActiveCfg = Debug|Any CPU
		{BB8E4C56-C80C-45C0-B826-CF8C68E2AA67}.Debug|Any CPU.Build.0 = Debug|Any CPU
		{BB8E4C56-C80C-45C0-B826-CF8C68E2AA67}.Release|Any CPU.ActiveCfg = Release|Any CPU
		{BB8E4C56-C80C-45C0-B826-CF8C68E2AA67}.Release|Any CPU.Build.0 = Release|Any CPU
		{6EFA6B20-B90B-4D82-AD6F-A94C5468998D}.Debug|Any CPU.ActiveCfg = Debug|Any CPU
		{6EFA6B20-B90B-4D82-AD6F-A94C5468998D}.Debug|Any CPU.Build.0 = Debug|Any CPU
		{6EFA6B20-B90B-4D82-AD6F-A94C5468998D}.Release|Any CPU.ActiveCfg = Release|Any CPU
		{6EFA6B20-B90B-4D82-AD6F-A94C5468998D}.Release|Any CPU.Build.0 = Release|Any CPU
		{B0069111-D045-4F57-B9F9-86D43432C0C3}.Debug|Any CPU.ActiveCfg = Debug|Any CPU
		{B0069111-D045-4F57-B9F9-86D43432C0C3}.Debug|Any CPU.Build.0 = Debug|Any CPU
		{B0069111-D045-4F57-B9F9-86D43432C0C3}.Release|Any CPU.ActiveCfg = Release|Any CPU
		{B0069111-D045-4F57-B9F9-86D43432C0C3}.Release|Any CPU.Build.0 = Release|Any CPU
	EndGlobalSection
	GlobalSection(SolutionProperties) = preSolution
		HideSolutionNode = FALSE
	EndGlobalSection
	GlobalSection(ExtensibilityGlobals) = postSolution
		SolutionGuid = {65CC7E75-C069-47CF-81FD-D4656FBF1AAB}
	EndGlobalSection
EndGlobal
