
Microsoft Visual Studio Solution File, Format Version 12.00
# Visual Studio Version 16
VisualStudioVersion = 16.0.31019.35
MinimumVisualStudioVersion = 10.0.40219.1
Project("{9A19103F-16F7-4668-BE54-9A1E7A4F7556}") = "OnlineSchoolSystem.Client", "OnlineSchoolSystem.Client\OnlineSchoolSystem.Client.csproj", "{D5DFB497-239D-4506-B6D0-E07F967A9A0E}"
EndProject
Project("{9A19103F-16F7-4668-BE54-9A1E7A4F7556}") = "OnlineSchoolSystem.YoutubeBot", "OnlineSchoolSystem.YoutubeBot\OnlineSchoolSystem.YoutubeBot.csproj", "{E0AD2944-33E5-4CA2-81E0-4FAE61E694CE}"
EndProject
Project("{9A19103F-16F7-4668-BE54-9A1E7A4F7556}") = "OnlineSchoolSystem.DataAccess.FileStorage", "OnlineSchoolSystem.DataAccess.File\OnlineSchoolSystem.DataAccess.FileStorage.csproj", "{3987A169-C5ED-4787-95A3-BC13790D82AA}"
EndProject
Project("{9A19103F-16F7-4668-BE54-9A1E7A4F7556}") = "OnlineSchoolSystem.Models", "OnlineSchoolSystem.Models\OnlineSchoolSystem.Models.csproj", "{5AF7AE02-5A13-4C83-AEB7-D9F84DC843A7}"
EndProject
Project("{FAE04EC0-301F-11D3-BF4B-00C04F79EFBC}") = "OnlineSchoolSystem.Menu", "OnlineSchoolSystem.Menu\OnlineSchoolSystem.Menu.csproj", "{3D8B905F-C1B7-46F6-A81A-B4C077F201A8}"
EndProject
Global
	GlobalSection(SolutionConfigurationPlatforms) = preSolution
		Debug|Any CPU = Debug|Any CPU
		Release|Any CPU = Release|Any CPU
	EndGlobalSection
	GlobalSection(ProjectConfigurationPlatforms) = postSolution
		{D5DFB497-239D-4506-B6D0-E07F967A9A0E}.Debug|Any CPU.ActiveCfg = Debug|Any CPU
		{D5DFB497-239D-4506-B6D0-E07F967A9A0E}.Debug|Any CPU.Build.0 = Debug|Any CPU
		{D5DFB497-239D-4506-B6D0-E07F967A9A0E}.Release|Any CPU.ActiveCfg = Release|Any CPU
		{D5DFB497-239D-4506-B6D0-E07F967A9A0E}.Release|Any CPU.Build.0 = Release|Any CPU
		{E0AD2944-33E5-4CA2-81E0-4FAE61E694CE}.Debug|Any CPU.ActiveCfg = Debug|Any CPU
		{E0AD2944-33E5-4CA2-81E0-4FAE61E694CE}.Debug|Any CPU.Build.0 = Debug|Any CPU
		{E0AD2944-33E5-4CA2-81E0-4FAE61E694CE}.Release|Any CPU.ActiveCfg = Release|Any CPU
		{E0AD2944-33E5-4CA2-81E0-4FAE61E694CE}.Release|Any CPU.Build.0 = Release|Any CPU
		{3987A169-C5ED-4787-95A3-BC13790D82AA}.Debug|Any CPU.ActiveCfg = Debug|Any CPU
		{3987A169-C5ED-4787-95A3-BC13790D82AA}.Debug|Any CPU.Build.0 = Debug|Any CPU
		{3987A169-C5ED-4787-95A3-BC13790D82AA}.Release|Any CPU.ActiveCfg = Release|Any CPU
		{3987A169-C5ED-4787-95A3-BC13790D82AA}.Release|Any CPU.Build.0 = Release|Any CPU
		{5AF7AE02-5A13-4C83-AEB7-D9F84DC843A7}.Debug|Any CPU.ActiveCfg = Debug|Any CPU
		{5AF7AE02-5A13-4C83-AEB7-D9F84DC843A7}.Debug|Any CPU.Build.0 = Debug|Any CPU
		{5AF7AE02-5A13-4C83-AEB7-D9F84DC843A7}.Release|Any CPU.ActiveCfg = Release|Any CPU
		{5AF7AE02-5A13-4C83-AEB7-D9F84DC843A7}.Release|Any CPU.Build.0 = Release|Any CPU
		{3D8B905F-C1B7-46F6-A81A-B4C077F201A8}.Debug|Any CPU.ActiveCfg = Debug|Any CPU
		{3D8B905F-C1B7-46F6-A81A-B4C077F201A8}.Debug|Any CPU.Build.0 = Debug|Any CPU
		{3D8B905F-C1B7-46F6-A81A-B4C077F201A8}.Release|Any CPU.ActiveCfg = Release|Any CPU
		{3D8B905F-C1B7-46F6-A81A-B4C077F201A8}.Release|Any CPU.Build.0 = Release|Any CPU
	EndGlobalSection
	GlobalSection(SolutionProperties) = preSolution
		HideSolutionNode = FALSE
	EndGlobalSection
	GlobalSection(ExtensibilityGlobals) = postSolution
		SolutionGuid = {65CC7E75-C069-47CF-81FD-D4656FBF1AAB}
	EndGlobalSection
EndGlobal
